{
  "version": "2",
  "remote": {
    "https://deno.land/std@0.161.0/_util/assert.ts": "e94f2eb37cebd7f199952e242c77654e43333c1ac4c5c700e929ea3aa5489f74",
    "https://deno.land/std@0.161.0/_util/os.ts": "8a33345f74990e627b9dfe2de9b040004b08ea5146c7c9e8fe9a29070d193934",
    "https://deno.land/std@0.161.0/async/abortable.ts": "87aa7230be8360c24ad437212311c9e8d4328854baec27b4c7abb26e85515c06",
    "https://deno.land/std@0.161.0/async/deadline.ts": "48ac998d7564969f3e6ec6b6f9bf0217ebd00239b1b2292feba61272d5dd58d0",
    "https://deno.land/std@0.161.0/async/debounce.ts": "dc8b92d4a4fe7eac32c924f2b8d3e62112530db70cadce27042689d82970b350",
    "https://deno.land/std@0.161.0/async/deferred.ts": "d8fb253ffde2a056e4889ef7e90f3928f28be9f9294b6505773d33f136aab4e6",
    "https://deno.land/std@0.161.0/async/delay.ts": "0419dfc993752849692d1f9647edf13407c7facc3509b099381be99ffbc9d699",
    "https://deno.land/std@0.161.0/async/mod.ts": "dd0a8ed4f3984ffabe2fcca7c9f466b7932d57b1864ffee148a5d5388316db6b",
    "https://deno.land/std@0.161.0/async/mux_async_iterator.ts": "3447b28a2a582224a3d4d3596bccbba6e85040da3b97ed64012f7decce98d093",
    "https://deno.land/std@0.161.0/async/pool.ts": "ef9eb97b388543acbf0ac32647121e4dbe629236899586c4d4311a8770fbb239",
    "https://deno.land/std@0.161.0/async/tee.ts": "9af3a3e7612af75861308b52249e167f5ebc3dcfc8a1a4d45462d96606ee2b70",
    "https://deno.land/std@0.161.0/bytes/bytes_list.ts": "aba5e2369e77d426b10af1de0dcc4531acecec27f9b9056f4f7bfbf8ac147ab4",
    "https://deno.land/std@0.161.0/bytes/equals.ts": "3c3558c3ae85526f84510aa2b48ab2ad7bdd899e2e0f5b7a8ffc85acb3a6043a",
    "https://deno.land/std@0.161.0/bytes/mod.ts": "b2e342fd3669176a27a4e15061e9d588b89c1aaf5008ab71766e23669565d179",
    "https://deno.land/std@0.161.0/fmt/colors.ts": "9e36a716611dcd2e4865adea9c4bec916b5c60caad4cdcdc630d4974e6bb8bd4",
    "https://deno.land/std@0.161.0/io/buffer.ts": "fae02290f52301c4e0188670e730cd902f9307fb732d79c4aa14ebdc82497289",
    "https://deno.land/std@0.161.0/io/types.d.ts": "107e1e64834c5ba917c783f446b407d33432c5d612c4b3430df64fc2b4ecf091",
    "https://deno.land/std@0.161.0/node/_events.d.ts": "3899ee9c37055fbb750e32cb43d7c435077c04446af948300080e1a590c6edf0",
    "https://deno.land/std@0.161.0/node/_events.mjs": "303e8aa60ace559e4ca0d19e8475f87311bee9e8330b4b497644d70f2002fc27",
    "https://deno.land/std@0.161.0/node/_utils.ts": "3d5462910bafe08a79797fefedfde5cc743702b4d24e2d13b9c47c1603d9d33d",
    "https://deno.land/std@0.161.0/node/events.ts?s=EventEmitter": "f848398d3591534ca94ac6b852a9f3c4dbb2da310c3a26059cf4ff06b7eae088",
    "https://deno.land/std@0.161.0/node/internal/crypto/_keys.ts": "7f993ece8c8e94a292944518cf4173521c6bf01785e75be014cd45a9cc2e4ad5",
    "https://deno.land/std@0.161.0/node/internal/crypto/constants.ts": "d2c8821977aef55e4d66414d623c24a2447791a8b49b6404b8db32d81e20c315",
    "https://deno.land/std@0.161.0/node/internal/error_codes.ts": "ac03c4eae33de3a69d6c98e8678003207eecf75a6900eb847e3fea3c8c9e6d8f",
    "https://deno.land/std@0.161.0/node/internal/errors.ts": "1b65ad547acb9a8501d87409cbebb0d26d9879c9de9458ee6ea9aa5a71fdbe9f",
    "https://deno.land/std@0.161.0/node/internal/hide_stack_frames.ts": "a91962ec84610bc7ec86022c4593cdf688156a5910c07b5bcd71994225c13a03",
    "https://deno.land/std@0.161.0/node/internal/normalize_encoding.mjs": "3779ec8a7adf5d963b0224f9b85d1bc974a2ec2db0e858396b5d3c2c92138a0a",
    "https://deno.land/std@0.161.0/node/internal/util/inspect.mjs": "1ddace0c97719d2cc0869ba177d375e96051301352ec235cbfb2ecbfcd4e8fba",
    "https://deno.land/std@0.161.0/node/internal/util/types.ts": "de6e2b7f9b9985ab881b1e78f05ae51d1fc829ae1584063df21e57b35312f3c4",
    "https://deno.land/std@0.161.0/node/internal/validators.mjs": "67deae0f488d013c8bf485742a5478112b8e48837cb2458c4a8b2669cf7017db",
    "https://deno.land/std@0.161.0/node/internal_binding/_libuv_winerror.ts": "801e05c2742ae6cd42a5f0fd555a255a7308a65732551e962e5345f55eedc519",
    "https://deno.land/std@0.161.0/node/internal_binding/_winerror.ts": "8811d4be66f918c165370b619259c1f35e8c3e458b8539db64c704fbde0a7cd2",
    "https://deno.land/std@0.161.0/node/internal_binding/constants.ts": "f4afc504137fb21f3908ab549931604968dfa62432b285a0874f41c4cade9ed2",
    "https://deno.land/std@0.161.0/node/internal_binding/types.ts": "4c26fb74ba2e45de553c15014c916df6789529a93171e450d5afb016b4c765e7",
    "https://deno.land/std@0.161.0/node/internal_binding/util.ts": "faf5146c3cc3b2d6c26026a818b4a16e91488ab26e63c069f36ba3c3ae24c97b",
    "https://deno.land/std@0.161.0/node/internal_binding/uv.ts": "8c5b971a7e5e66584274fcb8aab958a6b3d5a6232ee8b3dec09b24047d6c008d",
    "https://deno.land/std@0.161.0/streams/conversion.ts": "555c6c249f3acf85655f2d0af52d1cb3168e40b1c1fa26beefea501b333abe28",
    "https://deno.land/std@0.161.0/testing/_diff.ts": "a23e7fc2b4d8daa3e158fa06856bedf5334ce2a2831e8bf9e509717f455adb2c",
    "https://deno.land/std@0.161.0/testing/_format.ts": "cd11136e1797791045e639e9f0f4640d5b4166148796cad37e6ef75f7d7f3832",
    "https://deno.land/std@0.161.0/testing/asserts.ts": "1e340c589853e82e0807629ba31a43c84ebdcdeca910c4a9705715dfdb0f5ce8",
    "https://deno.land/std@0.166.0/_util/asserts.ts": "d0844e9b62510f89ce1f9878b046f6a57bf88f208a10304aab50efcb48365272",
    "https://deno.land/std@0.166.0/_util/os.ts": "8a33345f74990e627b9dfe2de9b040004b08ea5146c7c9e8fe9a29070d193934",
    "https://deno.land/std@0.166.0/async/abortable.ts": "87aa7230be8360c24ad437212311c9e8d4328854baec27b4c7abb26e85515c06",
    "https://deno.land/std@0.166.0/async/deadline.ts": "48ac998d7564969f3e6ec6b6f9bf0217ebd00239b1b2292feba61272d5dd58d0",
    "https://deno.land/std@0.166.0/async/debounce.ts": "dc8b92d4a4fe7eac32c924f2b8d3e62112530db70cadce27042689d82970b350",
    "https://deno.land/std@0.166.0/async/deferred.ts": "d8fb253ffde2a056e4889ef7e90f3928f28be9f9294b6505773d33f136aab4e6",
    "https://deno.land/std@0.166.0/async/delay.ts": "0419dfc993752849692d1f9647edf13407c7facc3509b099381be99ffbc9d699",
    "https://deno.land/std@0.166.0/async/mod.ts": "dd0a8ed4f3984ffabe2fcca7c9f466b7932d57b1864ffee148a5d5388316db6b",
    "https://deno.land/std@0.166.0/async/mux_async_iterator.ts": "3447b28a2a582224a3d4d3596bccbba6e85040da3b97ed64012f7decce98d093",
    "https://deno.land/std@0.166.0/async/pool.ts": "ef9eb97b388543acbf0ac32647121e4dbe629236899586c4d4311a8770fbb239",
    "https://deno.land/std@0.166.0/async/tee.ts": "9af3a3e7612af75861308b52249e167f5ebc3dcfc8a1a4d45462d96606ee2b70",
    "https://deno.land/std@0.166.0/http/http_status.ts": "897575a7d6bc2b9123f6a38ecbc0f03d95a532c5d92029315dc9f508e12526b8",
    "https://deno.land/std@0.166.0/http/server.ts": "e99c1bee8a3f6571ee4cdeb2966efad465b8f6fe62bec1bdb59c1f007cc4d155",
    "https://deno.land/std@0.166.0/path/_constants.ts": "df1db3ffa6dd6d1252cc9617e5d72165cd2483df90e93833e13580687b6083c3",
    "https://deno.land/std@0.166.0/path/_interface.ts": "ee3b431a336b80cf445441109d089b70d87d5e248f4f90ff906820889ecf8d09",
    "https://deno.land/std@0.166.0/path/_util.ts": "d16be2a16e1204b65f9d0dfc54a9bc472cafe5f4a190b3c8471ec2016ccd1677",
    "https://deno.land/std@0.166.0/path/common.ts": "bee563630abd2d97f99d83c96c2fa0cca7cee103e8cb4e7699ec4d5db7bd2633",
    "https://deno.land/std@0.166.0/path/glob.ts": "cb5255638de1048973c3e69e420c77dc04f75755524cb3b2e160fe9277d939ee",
    "https://deno.land/std@0.166.0/path/mod.ts": "56fec03ad0ebd61b6ab39ddb9b0ddb4c4a5c9f2f4f632e09dd37ec9ebfd722ac",
    "https://deno.land/std@0.166.0/path/posix.ts": "6b63de7097e68c8663c84ccedc0fd977656eb134432d818ecd3a4e122638ac24",
    "https://deno.land/std@0.166.0/path/separator.ts": "fe1816cb765a8068afb3e8f13ad272351c85cbc739af56dacfc7d93d710fe0f9",
    "https://deno.land/std@0.166.0/path/win32.ts": "7cebd2bda6657371adc00061a1d23fdd87bcdf64b4843bb148b0b24c11b40f69",
    "https://deno.land/x/checksum@1.4.0/hash.ts": "89ebbf7c57576e20462badc05bfb4a7ac01fe7668b6908cd547c79067c4221b9",
    "https://deno.land/x/checksum@1.4.0/md5.ts": "1bb0889eaec838d5c1f219e0533277fe5ea10806d022920b6f0f2f8c398fec77",
    "https://deno.land/x/checksum@1.4.0/mod.ts": "df8282cc1ecfd0f148535337c8bec077a1630e96a2012f2d19b2ca380f2c88c2",
    "https://deno.land/x/checksum@1.4.0/sha1.ts": "a608a6493694b7d734acfc4eee83e09bd9deaa4909cdac07f3eed3db427f97ae",
    "https://deno.land/x/deno_slack_api@1.5.0/api-proxy.ts": "20cf2ec33071e0b7a319a3fb9c8f8440a891f71bc780097e9000f66bbeaa7ab5",
    "https://deno.land/x/deno_slack_api@1.5.0/base-client.ts": "67d340fe227e6a5762b6c516d90eab6bd2d73e44fa9f54318fbbff08b4c3ca69",
    "https://deno.land/x/deno_slack_api@1.5.0/generated/method-types/admin.ts": "3564a56c3b24ca9e983e6c9e23e27916f975387ad29c820ac5264861b035fa37",
    "https://deno.land/x/deno_slack_api@1.5.0/generated/method-types/api.ts": "b6e55651d5361c8014456ce7298577e24cc7f0e5b5778db7aa39b4bc52f6be6e",
    "https://deno.land/x/deno_slack_api@1.5.0/generated/method-types/apps.ts": "71a560384acc883de891499dd915209ed8fd99326649f649884c53c5f3fa7d8b",
    "https://deno.land/x/deno_slack_api@1.5.0/generated/method-types/auth.ts": "cdea87a7830ba10e0a764b9109e478ab6165d23a5ca74a865d7b4977c2e1b9a9",
    "https://deno.land/x/deno_slack_api@1.5.0/generated/method-types/bookmarks.ts": "1aad44f0727a7eaa0280ab6a27a663a8a70c978ba634ac00bff762f081cd81bc",
    "https://deno.land/x/deno_slack_api@1.5.0/generated/method-types/bots.ts": "0e2699db5370df05cae2346ea007f608935125bc4a606862362b5f058f6bab48",
    "https://deno.land/x/deno_slack_api@1.5.0/generated/method-types/calls.ts": "3eb2999441efe068abd5e68442d314db26258c5279b2ce678cc2b59187679417",
    "https://deno.land/x/deno_slack_api@1.5.0/generated/method-types/chat.ts": "696f7cb7cc3973a18778a0145e6682a6b93f9671d6f471dafe12dce7574d123d",
    "https://deno.land/x/deno_slack_api@1.5.0/generated/method-types/conversations.ts": "04a058fd888e6eab360601c4878b49c32d626839bea791f9647d04558025b5e6",
    "https://deno.land/x/deno_slack_api@1.5.0/generated/method-types/dialog.ts": "875b2b8d127917a66b6e724d1de748657f18740c144e9a86c9a6ccbb555fe6cf",
    "https://deno.land/x/deno_slack_api@1.5.0/generated/method-types/dnd.ts": "745eb9579e9411bd293becd9afbc2e9081023e11326630b958eefecb3205ccc3",
    "https://deno.land/x/deno_slack_api@1.5.0/generated/method-types/emoji.ts": "564f752d28daac5843be7a43476a3c5aae23ce638532fe2522ab4159e3d7ab3a",
    "https://deno.land/x/deno_slack_api@1.5.0/generated/method-types/enterprise.ts": "5fa4016840d30c72e0f2581878f6a950f4cac006f82c956d12ed9898b61dabd0",
    "https://deno.land/x/deno_slack_api@1.5.0/generated/method-types/files.ts": "ee55b623452d87f370c2149bdcc903880115858a67786fc7ea55a2fe3a04c817",
    "https://deno.land/x/deno_slack_api@1.5.0/generated/method-types/migration.ts": "330a286b193af03481051f7404e6c6bdc5a9878208440219914cd648f27b7ab8",
    "https://deno.land/x/deno_slack_api@1.5.0/generated/method-types/mod.ts": "b056fe92ae54fc5dbd8a56e3eabb915d0a0f118a15058ce53a6cb2cf6f7652d6",
    "https://deno.land/x/deno_slack_api@1.5.0/generated/method-types/oauth.ts": "a46048f7e2776798ecb57ab7b5d56c254b211030cb11a79d2354a90f3687473f",
    "https://deno.land/x/deno_slack_api@1.5.0/generated/method-types/openid.ts": "4fa53dff20dd1ab9fa824829ad6319c1432aef8fcdd87279bc75d44a5132f4d3",
    "https://deno.land/x/deno_slack_api@1.5.0/generated/method-types/pins.ts": "f5aaa7c8228fcd7d75d947c3b71c95c7c92eba473fd82ed457a42d30a2e7b93b",
    "https://deno.land/x/deno_slack_api@1.5.0/generated/method-types/reactions.ts": "4440795f4b6a05729bcccbdf409c885969e944104c3d5f92de03f4d2283c1aac",
    "https://deno.land/x/deno_slack_api@1.5.0/generated/method-types/reminders.ts": "b563c146e274fe13057033048efb13a1886b6e61a0bf44fb159a42fc7ff77fe1",
    "https://deno.land/x/deno_slack_api@1.5.0/generated/method-types/rtm.ts": "9235c6a110e1f05b136b8dbc0d4de5e122ebc45420d8a2c586462b84b26886b9",
    "https://deno.land/x/deno_slack_api@1.5.0/generated/method-types/search.ts": "f5a7544ec45c1676acc77407616b2d8d8d3e1a511a3e4ffda93555f0c9ae5893",
    "https://deno.land/x/deno_slack_api@1.5.0/generated/method-types/stars.ts": "c91f4154e907ea92fffd0e4834d1c9b0a919d23e89d6fe90d9f69b3f226b4b9f",
    "https://deno.land/x/deno_slack_api@1.5.0/generated/method-types/team.ts": "c81f51688d1ddbf02686232cdf84b53f46551875544924dcbced60531ac6b035",
    "https://deno.land/x/deno_slack_api@1.5.0/generated/method-types/tooling.ts": "ec30c6fd91d05afb915d5851dae4bb4a742db1d40ed5fcc71a400d6deb2264b6",
    "https://deno.land/x/deno_slack_api@1.5.0/generated/method-types/usergroups.ts": "56e1c2827230443d27ee585d5c5629dd7024730c399969d0b70fa3bd8d64c1c6",
    "https://deno.land/x/deno_slack_api@1.5.0/generated/method-types/users.ts": "a1914f5e1a75363b645ee576168276aac79e59c6938bb5494ddd097bb83947a2",
    "https://deno.land/x/deno_slack_api@1.5.0/generated/method-types/views.ts": "12ed9848a217b3ca83dd1378414c62a305711c7937635aed2bcc8af8838bcd75",
    "https://deno.land/x/deno_slack_api@1.5.0/generated/method-types/workflows.ts": "92a3a8f8bc6a7c121d4a7435eadc02e42a5d8a308709fdfddc5ae3c4fe373045",
    "https://deno.land/x/deno_slack_api@1.5.0/mod.ts": "2c5c95a5b6cccb3b1e090b2cf7905a7fc435da28e7b60e0bed51b405ba810511",
    "https://deno.land/x/deno_slack_api@1.5.0/type-helpers.ts": "0b60b05f32096c8e1df045864cdca7bdb58acc68716076cf218dfe09a2677066",
    "https://deno.land/x/deno_slack_api@1.5.0/typed-method-types/apps.ts": "4e00f676706cff6e8d5fc2b4b2e19c46f41d437aaa7c3ec7d61063a06fe70308",
    "https://deno.land/x/deno_slack_api@1.5.0/typed-method-types/chat.ts": "102ffc03b2119afd94a3b181c37e29a39a707c39cb953bdfa784bd854bdfbe52",
    "https://deno.land/x/deno_slack_api@1.5.0/typed-method-types/functions.ts": "ef359a596a548546b8d3be25ef6bedec65ecb53f35ffaf2c6d04c031b12c7ac5",
    "https://deno.land/x/deno_slack_api@1.5.0/typed-method-types/mod.ts": "7a22e9c9bc2bd1092be9b0ec709413e2a2ad6f39500889d436dd53a1584b31e8",
    "https://deno.land/x/deno_slack_api@1.5.0/typed-method-types/workflows/mod.ts": "be33a1bd8a4df3bf58ca404d2ed7ed2df95abd989b14c14782861c37f8200925",
    "https://deno.land/x/deno_slack_api@1.5.0/typed-method-types/workflows/triggers/base_response.ts": "f1a77f2c163dcbb3ac2414acddc72be6dfa24d5f1e3623423752ad45a8c97572",
    "https://deno.land/x/deno_slack_api@1.5.0/typed-method-types/workflows/triggers/event.ts": "f9c9b35a60d27f5ff1c88b594f9ec7be4623dd160f69fddf61c2289866703a58",
    "https://deno.land/x/deno_slack_api@1.5.0/typed-method-types/workflows/triggers/inputs.ts": "8c944044b695bd6f47193d64803db3ad9752c1d76af94d9dfb8d8d06ed409438",
    "https://deno.land/x/deno_slack_api@1.5.0/typed-method-types/workflows/triggers/mod.ts": "68efbd7f2e4ebea92ae3b1194a9c2d496332252a0eaa408c76d5b81458bd321a",
    "https://deno.land/x/deno_slack_api@1.5.0/typed-method-types/workflows/triggers/scheduled.ts": "a1f5731657835f6dd5e9daaa6d9ed553e99a01847a077a118f78b2964395ba2b",
    "https://deno.land/x/deno_slack_api@1.5.0/typed-method-types/workflows/triggers/shortcut.ts": "062a7bc4806b24a673c10ee55310f41275511871e077a8019633c9647cba0672",
    "https://deno.land/x/deno_slack_api@1.5.0/typed-method-types/workflows/triggers/trigger-event-types.ts": "547465948def9c174e2ad87ca012ae512100a1c9d2bfb8895350a248046977b5",
    "https://deno.land/x/deno_slack_api@1.5.0/typed-method-types/workflows/triggers/trigger-filter.ts": "db0583587e893b9dd4e30e1e413c5b177ac032c9053510bcdbd3d099b23130b6",
    "https://deno.land/x/deno_slack_api@1.5.0/typed-method-types/workflows/triggers/webhook.ts": "371ba34093db206d9048151a44195e2ca2af2f4e6a8f220411cb018d493cd96b",
    "https://deno.land/x/deno_slack_api@1.5.0/types.ts": "b28078c056dd7edfc92a2f8512a7e81313ea97d794e325acc0782be9daa46dbc",
    "https://deno.land/x/download@v1.0.1/download.ts": "b42f26df5f5816573ad57c8877cf8755947a0795fa51036e5c123c84ff08022b",
    "https://deno.land/x/download@v1.0.1/mod.ts": "5449293b77155a9371b67e484d327ba3f9a6f56fc9ab733f19b045a4a2369fec",
    "https://deno.land/x/download@v1.0.1/types.ts": "9bbae77a97fcc13a5abddceb2048ab76f3b2fccf71ed99a542dbc225c27d9329",
    "https://deno.land/x/imagescript@v1.2.14/ImageScript.js": "9ce10c37a0e4fe43699689088c24f386fd401874057932bd57079ac729205038",
    "https://deno.land/x/imagescript@v1.2.14/mod.ts": "18a6cb83c55e690c873505f6fe867364c678afb64934fe7aef593a6b92f79995",
    "https://deno.land/x/imagescript@v1.2.14/png/src/crc.mjs": "5cf50de181d61dd00e66a240d811018ba5070afa8bba302f393604404604de84",
    "https://deno.land/x/imagescript@v1.2.14/png/src/mem.mjs": "4968d400dae069b4bf0ef4767c1802fd2cc7d15d90eda4cfadf5b4cd19b96c6d",
    "https://deno.land/x/imagescript@v1.2.14/png/src/png.mjs": "96ef0ceff1b5a6cd9304749e5f187b4ab238509fb5f9a8be8ee934240271ed8d",
    "https://deno.land/x/imagescript@v1.2.14/png/src/zlib.mjs": "9867dc3fab1d31b664f9344b0d7e977f493d9c912a76c760d012ed2b89f7061c",
    "https://deno.land/x/imagescript@v1.2.14/utils/buffer.js": "952cb1beb8827e50a493a5d1f29a4845e8c648789406d389dd51f51205ba02d8",
    "https://deno.land/x/imagescript@v1.2.14/utils/crc32.js": "573d6222b3605890714ebc374e687ec2aa3e9a949223ea199483e47ca4864f7d",
    "https://deno.land/x/imagescript@v1.2.14/utils/png.js": "fbed9117e0a70602645d70df9c103ff6e79c03e987bd5c1685dcb4200729b6de",
    "https://deno.land/x/imagescript@v1.2.14/utils/wasm/font.js": "9e75d842608c057045698d6a7cdf5ffd27241b5cdea0391c89a1917b31294524",
    "https://deno.land/x/imagescript@v1.2.14/utils/wasm/gif.js": "8b86f7b96486bb8ff50fbc7c7487f86cb5cef85e6acd71e1def78a1aa2f12e4f",
    "https://deno.land/x/imagescript@v1.2.14/utils/wasm/jpeg.js": "75295e2fcf96b4f7bb894b3844fdaa8140d63169d28b466b5d5be89d59a7b6e6",
    "https://deno.land/x/imagescript@v1.2.14/utils/wasm/png.js": "0659536a8dd8f892c8346e268b2754b4414fad0ec1e9794dfcde1ba1c804ee02",
    "https://deno.land/x/imagescript@v1.2.14/utils/wasm/svg.js": "f5c8a9d1977b51a7c07549ceb6bbbaca9497321a193f28b3dc229a42d91bcf14",
    "https://deno.land/x/imagescript@v1.2.14/utils/wasm/tiff.js": "c2d7bdaef094df25aae1752e75167f485e89275d76a1379e39d8949580b7af4f",
    "https://deno.land/x/imagescript@v1.2.14/utils/wasm/zlib.js": "749875f83abffe24d3b977475a0cbd5f9b52bee1fbdbef61ec183cbfc17805f6",
    "https://deno.land/x/imagescript@v1.2.14/v2/framebuffer.mjs": "add44ff184636659714b3c6d4b896f628545451abffbc30b5bcc2e8d9a73d012",
    "https://deno.land/x/imagescript@v1.2.14/v2/ops/blur.mjs": "80716f1ffab8a2aeb54a036f583bf51a2b9dd37e005adc000add803df8e8a12f",
    "https://deno.land/x/imagescript@v1.2.14/v2/ops/color.mjs": "5e72cdcbf97dc939a2795223f01e3cb0544c0c56b03ea2aa026050df58348814",
    "https://deno.land/x/imagescript@v1.2.14/v2/ops/crop.mjs": "69431fa6f687fd9f0c31eff0ec27d7ac925275005e53a37f0c3fab4cc4d9a9ea",
    "https://deno.land/x/imagescript@v1.2.14/v2/ops/fill.mjs": "cf1b9488314753fbc9ebf03410ac74c2a34ea5a69fb6892cd6e8366cd1930d93",
    "https://deno.land/x/imagescript@v1.2.14/v2/ops/flip.mjs": "825a34a66567dcf15e76a719f1bf2f66fb106503cd69942292b1b0ae05c5718e",
    "https://deno.land/x/imagescript@v1.2.14/v2/ops/index.mjs": "423ba687119be2bba8cec72890577d3afa3621b6b8108912242fe937a183f2aa",
    "https://deno.land/x/imagescript@v1.2.14/v2/ops/iterator.mjs": "c2adf3d90ce00719a02c48c97634574176a3501ff026676259bd71aa8f5d69b9",
    "https://deno.land/x/imagescript@v1.2.14/v2/ops/overlay.mjs": "7e6e2c2ffd25006d52597ab8babc5f8f503d388a3fdf2fbc0eaea02799a020c9",
    "https://deno.land/x/imagescript@v1.2.14/v2/ops/resize.mjs": "814e78ebce8eaf8f1f918688db7b52a141405e06a36ed4b25d04413d69e7d17b",
    "https://deno.land/x/imagescript@v1.2.14/v2/ops/rotate.mjs": "a1b65616717bd2eed8db406affea3263b4674dada46b56441ef38167a187455d",
    "https://deno.land/x/imagescript@v1.2.14/v2/util/mem.mjs": "4968d400dae069b4bf0ef4767c1802fd2cc7d15d90eda4cfadf5b4cd19b96c6d",
    "https://deno.land/x/velo@1.0.0/deps.ts": "d310d4071480a8ca89fae329cb04b8d54908737add4b421f13d543ed5fce638b",
    "https://deno.land/x/velo@1.0.0/mod.ts": "aefca34991e1167b1087bd05a3448d8e47b6cc690711d65d563fa68fce44346c",
    "https://deno.land/x/velo@1.0.0/src/builder/builder.ts": "9051eddda197d9a7b66a1aa9b2be7ac2d4be477e6d276af355d85cb1deea8c63",
    "https://deno.land/x/velo@1.0.0/src/cache/base.ts": "902c0267561eebf1dc402ad28fbd32b4ad418f169a986e8669325ad1853bcf5b",
    "https://deno.land/x/velo@1.0.0/src/cache/cache.ts": "ec247cc655969f664b217a9029d2faa5ac9b6eac8b6f12fef9b03758d22f9164",
    "https://deno.land/x/velo@1.0.0/src/cache/capabilities/counter.ts": "fca1159625a241afd7e8fda891cc43151247b24fe49841418c5be0d02e33bbd0",
    "https://deno.land/x/velo@1.0.0/src/cache/capabilities/event_capability.ts": "d272756535a2c5939f3e2401d94d08ef3b5fe9b48e5f40627bb4bcdac07da1bd",
    "https://deno.land/x/velo@1.0.0/src/cache/capabilities/expire_capability.ts": "08ea97a6e0c93d40b751c9d9e8cd59272f6154028ad721d2461d979f76be9157",
    "https://deno.land/x/velo@1.0.0/src/cache/capabilities/extract_options_capability.ts": "0fc9e0bebc4c686d1f9ba3090c753f42996b7675610343ade1749ed7ff91f0a4",
    "https://deno.land/x/velo@1.0.0/src/cache/capabilities/loading_capability.ts": "9fe5446dad8dbb501c6f594637c719e6f92c66c2eee453e92f68124d4329c336",
    "https://deno.land/x/velo@1.0.0/src/cache/capabilities/policy_capability.ts": "5c67dc45cf503edaf25a5c659240683fc0e674a3962afc41d9da9ff851b431c2",
    "https://deno.land/x/velo@1.0.0/src/cache/capabilities/remove_listener_capability.ts": "202b1438b4939d6d34519b9239def4d7214ef78097f2d3afc796615e7eaba464",
    "https://deno.land/x/velo@1.0.0/src/cache/capabilities/stats_capability.ts": "6749ce5f6ccad170eadf7eae79602a381f17f7b264ac1087a2a1de1e1e043091",
    "https://deno.land/x/velo@1.0.0/src/cache/capabilities/timer_wheel.ts": "73d2b86c72db07e2871325372ea4833032d118d737e30f249f1f2a17de4c6a41",
    "https://deno.land/x/velo@1.0.0/src/cache/capabilities/wrapper.ts": "e2bd9c926d8c0b28cdc88377cd5c933350b3700b9c18d439c413c4c6178c9c57",
    "https://deno.land/x/velo@1.0.0/src/cache/key.ts": "1086ca40bf1085d3cd5a2682f43dbe07d8e0bbf20a38689849b420a47e01cb6c",
    "https://deno.land/x/velo@1.0.0/src/cache/options.ts": "1995b0ab57c1a32f85198015e5bc18d625262c0615a9bb153af25b7f0d5358c6",
    "https://deno.land/x/velo@1.0.0/src/policy/arc.ts": "a4bc08959bec9c8b0c756705adda79dce90436c8c8ec652e5c2660626d4aa631",
    "https://deno.land/x/velo@1.0.0/src/policy/lfu.ts": "52931153b8a1d17ba1c88c66b598d7b03296ea39582e3bef10671443dda4672c",
    "https://deno.land/x/velo@1.0.0/src/policy/lru.ts": "3071ce0cc0bf5618e5292bce829f69a7cbe60cf84a92c5e95daaf82917ce9007",
    "https://deno.land/x/velo@1.0.0/src/policy/policy.ts": "c1d6e411c565c3189c64a9783b63ed943704c383c20d77d3fdf7775b0619b241",
    "https://deno.land/x/velo@1.0.0/src/policy/sc.ts": "5bafd330ec54218acaeda644b006802eaf7b612d8190a3d913ded00251c728a9",
    "https://deno.land/x/velo@1.0.0/src/policy/tiny_lfu/frequency_sketch.ts": "304eff39e9ecccaf5e7cade3b6045bf424b260adb1191a083c2a98b950d6b6c0",
    "https://deno.land/x/velo@1.0.0/src/policy/tiny_lfu/hash_function.ts": "034587da2108066b00938ce09ca7889cbe333c86812e9a08e006461af650f90f",
    "https://deno.land/x/velo@1.0.0/src/policy/tiny_lfu/w_tiny_lfu.ts": "fe2c2a133691b6ce682c0484ef6bface050d70a4caa5f47b68650a141083283f",
    "https://deno.land/x/velo@1.0.0/src/utils/count_trailing_zeros.ts": "f35964a6931b3e79db655be0937e9a6a46e5253b8a083e5243d94ff07be50355",
    "https://deno.land/x/velo@1.0.0/src/utils/doubly_linked_list.ts": "15bb5ec4d4fd8d8d22a39702d3ce452d79b3125524db509c7e64ff2d11a9280b",
    "https://deno.land/x/velo@1.0.0/src/utils/next_power_of_two.ts": "7e1743181e93ea316a49513ddb101b3176dad52edcdc9b732086c318f5d9897b",
    "https://deno.land/x/velo@1.0.0/src/utils/pointer_list.ts": "b05b5e21306c7a1791c6bed775dcafc8abac50f0e57aff26d489bd9449537c37",
    "https://deno.land/x/velo@1.0.0/src/utils/typed_array.ts": "2340c503933762a7249bec9f839d945c445d216c38e17fb9599d9085025e65bb"
  }
}
