{
  "version": "2",
  "remote": {
    "https://deno.land/std@0.161.0/_util/assert.ts": "e94f2eb37cebd7f199952e242c77654e43333c1ac4c5c700e929ea3aa5489f74",
    "https://deno.land/std@0.161.0/_util/os.ts": "8a33345f74990e627b9dfe2de9b040004b08ea5146c7c9e8fe9a29070d193934",
    "https://deno.land/std@0.161.0/async/abortable.ts": "87aa7230be8360c24ad437212311c9e8d4328854baec27b4c7abb26e85515c06",
    "https://deno.land/std@0.161.0/async/deadline.ts": "48ac998d7564969f3e6ec6b6f9bf0217ebd00239b1b2292feba61272d5dd58d0",
    "https://deno.land/std@0.161.0/async/debounce.ts": "dc8b92d4a4fe7eac32c924f2b8d3e62112530db70cadce27042689d82970b350",
    "https://deno.land/std@0.161.0/async/deferred.ts": "d8fb253ffde2a056e4889ef7e90f3928f28be9f9294b6505773d33f136aab4e6",
    "https://deno.land/std@0.161.0/async/delay.ts": "0419dfc993752849692d1f9647edf13407c7facc3509b099381be99ffbc9d699",
    "https://deno.land/std@0.161.0/async/mod.ts": "dd0a8ed4f3984ffabe2fcca7c9f466b7932d57b1864ffee148a5d5388316db6b",
    "https://deno.land/std@0.161.0/async/mux_async_iterator.ts": "3447b28a2a582224a3d4d3596bccbba6e85040da3b97ed64012f7decce98d093",
    "https://deno.land/std@0.161.0/async/pool.ts": "ef9eb97b388543acbf0ac32647121e4dbe629236899586c4d4311a8770fbb239",
    "https://deno.land/std@0.161.0/async/tee.ts": "9af3a3e7612af75861308b52249e167f5ebc3dcfc8a1a4d45462d96606ee2b70",
    "https://deno.land/std@0.161.0/bytes/bytes_list.ts": "aba5e2369e77d426b10af1de0dcc4531acecec27f9b9056f4f7bfbf8ac147ab4",
    "https://deno.land/std@0.161.0/bytes/equals.ts": "3c3558c3ae85526f84510aa2b48ab2ad7bdd899e2e0f5b7a8ffc85acb3a6043a",
    "https://deno.land/std@0.161.0/bytes/mod.ts": "b2e342fd3669176a27a4e15061e9d588b89c1aaf5008ab71766e23669565d179",
    "https://deno.land/std@0.161.0/fmt/colors.ts": "9e36a716611dcd2e4865adea9c4bec916b5c60caad4cdcdc630d4974e6bb8bd4",
    "https://deno.land/std@0.161.0/io/buffer.ts": "fae02290f52301c4e0188670e730cd902f9307fb732d79c4aa14ebdc82497289",
    "https://deno.land/std@0.161.0/io/types.d.ts": "107e1e64834c5ba917c783f446b407d33432c5d612c4b3430df64fc2b4ecf091",
    "https://deno.land/std@0.161.0/node/_events.d.ts": "3899ee9c37055fbb750e32cb43d7c435077c04446af948300080e1a590c6edf0",
    "https://deno.land/std@0.161.0/node/_events.mjs": "303e8aa60ace559e4ca0d19e8475f87311bee9e8330b4b497644d70f2002fc27",
    "https://deno.land/std@0.161.0/node/_utils.ts": "3d5462910bafe08a79797fefedfde5cc743702b4d24e2d13b9c47c1603d9d33d",
    "https://deno.land/std@0.161.0/node/events.ts?s=EventEmitter": "f848398d3591534ca94ac6b852a9f3c4dbb2da310c3a26059cf4ff06b7eae088",
    "https://deno.land/std@0.161.0/node/internal/crypto/_keys.ts": "7f993ece8c8e94a292944518cf4173521c6bf01785e75be014cd45a9cc2e4ad5",
    "https://deno.land/std@0.161.0/node/internal/crypto/constants.ts": "d2c8821977aef55e4d66414d623c24a2447791a8b49b6404b8db32d81e20c315",
    "https://deno.land/std@0.161.0/node/internal/error_codes.ts": "ac03c4eae33de3a69d6c98e8678003207eecf75a6900eb847e3fea3c8c9e6d8f",
    "https://deno.land/std@0.161.0/node/internal/errors.ts": "1b65ad547acb9a8501d87409cbebb0d26d9879c9de9458ee6ea9aa5a71fdbe9f",
    "https://deno.land/std@0.161.0/node/internal/hide_stack_frames.ts": "a91962ec84610bc7ec86022c4593cdf688156a5910c07b5bcd71994225c13a03",
    "https://deno.land/std@0.161.0/node/internal/normalize_encoding.mjs": "3779ec8a7adf5d963b0224f9b85d1bc974a2ec2db0e858396b5d3c2c92138a0a",
    "https://deno.land/std@0.161.0/node/internal/util/inspect.mjs": "1ddace0c97719d2cc0869ba177d375e96051301352ec235cbfb2ecbfcd4e8fba",
    "https://deno.land/std@0.161.0/node/internal/util/types.ts": "de6e2b7f9b9985ab881b1e78f05ae51d1fc829ae1584063df21e57b35312f3c4",
    "https://deno.land/std@0.161.0/node/internal/validators.mjs": "67deae0f488d013c8bf485742a5478112b8e48837cb2458c4a8b2669cf7017db",
    "https://deno.land/std@0.161.0/node/internal_binding/_libuv_winerror.ts": "801e05c2742ae6cd42a5f0fd555a255a7308a65732551e962e5345f55eedc519",
    "https://deno.land/std@0.161.0/node/internal_binding/_winerror.ts": "8811d4be66f918c165370b619259c1f35e8c3e458b8539db64c704fbde0a7cd2",
    "https://deno.land/std@0.161.0/node/internal_binding/constants.ts": "f4afc504137fb21f3908ab549931604968dfa62432b285a0874f41c4cade9ed2",
    "https://deno.land/std@0.161.0/node/internal_binding/types.ts": "4c26fb74ba2e45de553c15014c916df6789529a93171e450d5afb016b4c765e7",
    "https://deno.land/std@0.161.0/node/internal_binding/util.ts": "faf5146c3cc3b2d6c26026a818b4a16e91488ab26e63c069f36ba3c3ae24c97b",
    "https://deno.land/std@0.161.0/node/internal_binding/uv.ts": "8c5b971a7e5e66584274fcb8aab958a6b3d5a6232ee8b3dec09b24047d6c008d",
    "https://deno.land/std@0.161.0/streams/conversion.ts": "555c6c249f3acf85655f2d0af52d1cb3168e40b1c1fa26beefea501b333abe28",
    "https://deno.land/std@0.161.0/testing/_diff.ts": "a23e7fc2b4d8daa3e158fa06856bedf5334ce2a2831e8bf9e509717f455adb2c",
    "https://deno.land/std@0.161.0/testing/_format.ts": "cd11136e1797791045e639e9f0f4640d5b4166148796cad37e6ef75f7d7f3832",
    "https://deno.land/std@0.161.0/testing/asserts.ts": "1e340c589853e82e0807629ba31a43c84ebdcdeca910c4a9705715dfdb0f5ce8",
    "https://deno.land/std@0.170.0/fmt/colors.ts": "03ad95e543d2808bc43c17a3dd29d25b43d0f16287fe562a0be89bf632454a12",
    "https://deno.land/std@0.182.0/http/http_errors.ts": "b9a18ef97d6c5966964de95e04d1f9f88a0f8bd8577c26fd402d9d632fb03a42",
    "https://deno.land/std@0.182.0/http/http_status.ts": "8a7bcfe3ac025199ad804075385e57f63d055b2aed539d943ccc277616d6f932",
    "https://deno.land/std@0.186.0/_util/asserts.ts": "178dfc49a464aee693a7e285567b3d0b555dc805ff490505a8aae34f9cfb1462",
    "https://deno.land/std@0.186.0/_util/os.ts": "d932f56d41e4f6a6093d56044e29ce637f8dcc43c5a90af43504a889cf1775e3",
    "https://deno.land/std@0.186.0/async/abortable.ts": "fd682fa46f3b7b16b4606a5ab52a7ce309434b76f820d3221bdfb862719a15d7",
    "https://deno.land/std@0.186.0/async/deadline.ts": "58f72a3cc0fcb731b2cc055ba046f4b5be3349ff6bf98f2e793c3b969354aab2",
    "https://deno.land/std@0.186.0/async/debounce.ts": "adab11d04ca38d699444ac8a9d9856b4155e8dda2afd07ce78276c01ea5a4332",
    "https://deno.land/std@0.186.0/async/deferred.ts": "42790112f36a75a57db4a96d33974a936deb7b04d25c6084a9fa8a49f135def8",
    "https://deno.land/std@0.186.0/async/delay.ts": "73aa04cec034c84fc748c7be49bb15cac3dd43a57174bfdb7a4aec22c248f0dd",
    "https://deno.land/std@0.186.0/async/mod.ts": "f04344fa21738e5ad6bea37a6bfffd57c617c2d372bb9f9dcfd118a1b622e576",
    "https://deno.land/std@0.186.0/async/mux_async_iterator.ts": "70c7f2ee4e9466161350473ad61cac0b9f115cff4c552eaa7ef9d50c4cbb4cc9",
    "https://deno.land/std@0.186.0/async/pool.ts": "f1b8d3df4d7fd3c73f8cbc91cc2e8b8e950910f1eab94230b443944d7584c657",
    "https://deno.land/std@0.186.0/async/retry.ts": "dd19d93033d8eaddbfcb7654c0366e9d3b0a21448bdb06eba4a7d8a8cf936a92",
    "https://deno.land/std@0.186.0/async/tee.ts": "47e42d35f622650b02234d43803d0383a89eb4387e1b83b5a40106d18ae36757",
    "https://deno.land/std@0.186.0/crypto/_fnv/fnv32.ts": "e4649dfdefc5c987ed53c3c25db62db771a06d9d1b9c36d2b5cf0853b8e82153",
    "https://deno.land/std@0.186.0/crypto/_fnv/fnv64.ts": "bfa0e4702061fdb490a14e6bf5f9168a22fb022b307c5723499469bfefca555e",
    "https://deno.land/std@0.186.0/crypto/_fnv/mod.ts": "f956a95f58910f223e420340b7404702ecd429603acd4491fa77af84f746040c",
    "https://deno.land/std@0.186.0/crypto/_fnv/util.ts": "accba12bfd80a352e32a872f87df2a195e75561f1b1304a4cb4f5a4648d288f9",
    "https://deno.land/std@0.186.0/crypto/_wasm/lib/deno_std_wasm_crypto.generated.mjs": "bdd70a6183c6bdabc086ec2a5f828c86711b4201f1ba7954fc78385a664e8fae",
    "https://deno.land/std@0.186.0/crypto/_wasm/mod.ts": "e2df88236fc061eac7a89e8cb0b97843f5280b08b2a990e473b7397a3e566003",
    "https://deno.land/std@0.186.0/crypto/crypto.ts": "9895c267ed0107ef613244f6a88cef40a21da159d52b5d90aceca46fd2684bb1",
    "https://deno.land/std@0.186.0/crypto/keystack.ts": "877ab0f19eb7d37ad6495190d3c3e39f58e9c52e0b6a966f82fd6df67ca55f90",
    "https://deno.land/std@0.186.0/crypto/mod.ts": "ae384519e85eca9aeff4e7111ed153df8f3dbda7b35b70850ed4b3e9c8cec4d5",
    "https://deno.land/std@0.186.0/crypto/timing_safe_equal.ts": "0fae34ee02264f309ae0b6e54e9746a7aba3996e5454903ed106967a7a9ef665",
    "https://deno.land/std@0.186.0/crypto/to_hash_string.ts": "6927c768f3e373a1be4a31555a45ccecf7bd413105455cc334ad3f908cfa986f",
    "https://deno.land/std@0.186.0/encoding/base64.ts": "144ae6234c1fbe5b68666c711dc15b1e9ee2aef6d42b3b4345bf9a6c91d70d0d",
    "https://deno.land/std@0.186.0/encoding/base64url.ts": "2ed4ba122b20fedf226c5d337cf22ee2024fa73a8f85d915d442af7e9ce1fae1",
    "https://deno.land/std@0.186.0/encoding/hex.ts": "b4b1a7cb678745b0bf181ed8cf2498c7be00d121a7de244b752fbf9c7d9c48cd",
    "https://deno.land/std@0.186.0/fs/_util.ts": "579038bebc3bd35c43a6a7766f7d91fbacdf44bc03468e9d3134297bb99ed4f9",
    "https://deno.land/std@0.186.0/fs/copy.ts": "14214efd94fc3aa6db1e4af2b4b9578e50f7362b7f3725d5a14ad259a5df26c8",
    "https://deno.land/std@0.186.0/fs/empty_dir.ts": "c3d2da4c7352fab1cf144a1ecfef58090769e8af633678e0f3fabaef98594688",
    "https://deno.land/std@0.186.0/fs/ensure_dir.ts": "dc64c4c75c64721d4e3fb681f1382f803ff3d2868f08563ff923fdd20d071c40",
    "https://deno.land/std@0.186.0/fs/ensure_file.ts": "c38602670bfaf259d86ca824a94e6cb9e5eb73757fefa4ebf43a90dd017d53d9",
    "https://deno.land/std@0.186.0/fs/ensure_link.ts": "c0f5b2f0ec094ed52b9128eccb1ee23362a617457aa0f699b145d4883f5b2fb4",
    "https://deno.land/std@0.186.0/fs/ensure_symlink.ts": "5006ab2f458159c56d689b53b1e48d57e05eeb1eaf64e677f7f76a30bc4fdba1",
    "https://deno.land/std@0.186.0/fs/eol.ts": "f1f2eb348a750c34500741987b21d65607f352cf7205f48f4319d417fff42842",
    "https://deno.land/std@0.186.0/fs/exists.ts": "29c26bca8584a22876be7cb8844f1b6c8fc35e9af514576b78f5c6884d7ed02d",
    "https://deno.land/std@0.186.0/fs/expand_glob.ts": "e4f56259a0a70fe23f05215b00de3ac5e6ba46646ab2a06ebbe9b010f81c972a",
    "https://deno.land/std@0.186.0/fs/mod.ts": "bc3d0acd488cc7b42627044caf47d72019846d459279544e1934418955ba4898",
    "https://deno.land/std@0.186.0/fs/move.ts": "b4f8f46730b40c32ea3c0bc8eb0fd0e8139249a698883c7b3756424cf19785c9",
    "https://deno.land/std@0.186.0/fs/walk.ts": "920be35a7376db6c0b5b1caf1486fb962925e38c9825f90367f8f26b5e5d0897",
    "https://deno.land/std@0.186.0/http/http_status.ts": "8a7bcfe3ac025199ad804075385e57f63d055b2aed539d943ccc277616d6f932",
    "https://deno.land/std@0.186.0/http/server.ts": "1b23463b5b36e4eebc495417f6af47a6f7d52e3294827a1226d2a1aab23d9d20",
    "https://deno.land/std@0.186.0/path/_constants.ts": "e49961f6f4f48039c0dfed3c3f93e963ca3d92791c9d478ac5b43183413136e0",
    "https://deno.land/std@0.186.0/path/_interface.ts": "6471159dfbbc357e03882c2266d21ef9afdb1e4aa771b0545e90db58a0ba314b",
    "https://deno.land/std@0.186.0/path/_util.ts": "d7abb1e0dea065f427b89156e28cdeb32b045870acdf865833ba808a73b576d0",
    "https://deno.land/std@0.186.0/path/common.ts": "ee7505ab01fd22de3963b64e46cff31f40de34f9f8de1fff6a1bd2fe79380000",
    "https://deno.land/std@0.186.0/path/glob.ts": "d479e0a695621c94d3fd7fe7abd4f9499caf32a8de13f25073451c6ef420a4e1",
    "https://deno.land/std@0.186.0/path/mod.ts": "ee161baec5ded6510ee1d1fb6a75a0f5e4b41f3f3301c92c716ecbdf7dae910d",
    "https://deno.land/std@0.186.0/path/posix.ts": "8b7c67ac338714b30c816079303d0285dd24af6b284f7ad63da5b27372a2c94d",
    "https://deno.land/std@0.186.0/path/separator.ts": "0fb679739d0d1d7bf45b68dacfb4ec7563597a902edbaf3c59b50d5bcadd93b1",
    "https://deno.land/std@0.186.0/path/win32.ts": "d186344e5583bcbf8b18af416d13d82b35a317116e6460a5a3953508c3de5bba",
    "https://deno.land/std@0.67.0/_util/assert.ts": "e1f76e77c5ccb5a8e0dbbbe6cce3a56d2556c8cb5a9a8802fc9565af72462149",
    "https://deno.land/std@0.67.0/fs/_util.ts": "68508c05d5a02678179a02beabf2b3eac5b16c5a9cbd1c272686d8101bb2679d",
    "https://deno.land/std@0.67.0/fs/copy.ts": "b562e8f482cb8459bb011cbd769769bbdb4f6bc966effd277c06edbdbe41b72e",
    "https://deno.land/std@0.67.0/fs/empty_dir.ts": "4d706eb01e5d08d862c673200d1978526e485368559fc7fb0f297add68f9cc43",
    "https://deno.land/std@0.67.0/fs/ensure_dir.ts": "54cf0cfb16160857116d1bdff98214ad0189275fe2f089607fdc06c52ac79cc4",
    "https://deno.land/std@0.67.0/fs/ensure_file.ts": "b70eccaee6f41ae226d399ad9c8ebc29beb5dd86fe179d30ab7e681976352baf",
    "https://deno.land/std@0.67.0/fs/ensure_link.ts": "f647cea5c3b65f4a6618444546e9ca891d38f54f7fd4c718fb1fd575b4232213",
    "https://deno.land/std@0.67.0/fs/ensure_symlink.ts": "d472af1507fb920db214f6816522ddc89eefd5800735243873053b2523882ec1",
    "https://deno.land/std@0.67.0/fs/eol.ts": "4a0b2a612e0639b76d9c5fab0392e7bf1a158a7dab191ff7b7564870a1173812",
    "https://deno.land/std@0.67.0/fs/exists.ts": "5429dce6587bfcdde06a7a2a1fd5ad932c17d74ca082e67934fa646cff1d2e57",
    "https://deno.land/std@0.67.0/fs/expand_glob.ts": "07fa1edc468ac32779c709dd047f8067db90ac81db2d8bc4e92b08f5f83907e6",
    "https://deno.land/std@0.67.0/fs/mod.ts": "88bb982130bb86df1cb350619fed4118c4cc439eeced6484330b7255e3a16568",
    "https://deno.land/std@0.67.0/fs/move.ts": "020f56063c66288facbebc7d3c8dd3f309b0949fcaea49e463ccd5217fc82e2c",
    "https://deno.land/std@0.67.0/fs/read_json.ts": "6922a9adc50cd2a7233298fd7b7ad9062d8602a55d4abb2b72d23ef0268b1306",
    "https://deno.land/std@0.67.0/fs/walk.ts": "14423305e71f2db5022bb590a369a63bd30ec48deb44f18bfa5587a0304f5187",
    "https://deno.land/std@0.67.0/fs/write_json.ts": "89a6231f51a6759dfff8f1f5534d030c2239c22fc9f3c0b3305d424f4f1d5604",
    "https://deno.land/std@0.67.0/path/_constants.ts": "aba480c4a2c098b6374fdd5951fea13ecc8aaaf8b8aa4dae1871baa50243d676",
    "https://deno.land/std@0.67.0/path/_interface.ts": "5876f91d35fd42624893a4aaddaee352144e1f46e719f1dde6511bab7c3c1029",
    "https://deno.land/std@0.67.0/path/_util.ts": "f0fa012d40ae9b6acbef03908e534eb11e694de6470fb4d78ea4f38829e735ab",
    "https://deno.land/std@0.67.0/path/common.ts": "e4ec66a7416d56f60331b66e27a8a4f08c7b1cf48e350271cb69754a01cf5c04",
    "https://deno.land/std@0.67.0/path/glob.ts": "43cc45e8649a35a199c4106dfdf66206f46dfd8e2e626a746512c1a1376fde99",
    "https://deno.land/std@0.67.0/path/mod.ts": "6de8885c2534757097818e302becd1cefcbc4c28ac022cc279e612ee04e8cfd1",
    "https://deno.land/std@0.67.0/path/posix.ts": "40c387415fca91b3482214cf74880c415cda90b337bebd2c9d4b62d2097bc146",
    "https://deno.land/std@0.67.0/path/separator.ts": "9dd15d46ff84a16e13554f56af7fee1f85f8d0f379efbbe60ac066a60561f036",
    "https://deno.land/std@0.67.0/path/win32.ts": "9e200471f24fb560d22e74b238133cb75ebb57bead933de1cc5aefed4cda3346",
    "https://deno.land/x/case@v2.1.0/camelCase.ts": "0808961e69e1883c6e94faf85e333196a464ceba46ddc76984d7b8ce9e26a43a",
    "https://deno.land/x/case@v2.1.0/constantCase.ts": "e50eaa8a45cf68417902fda218f03a99e45e2a30f7fce2db325306c84e8c3f0a",
    "https://deno.land/x/case@v2.1.0/dotCase.ts": "ef3977567057e6c2a4e1b5ca09ec34b9e0788c1a50246187c11f435a468be17e",
    "https://deno.land/x/case@v2.1.0/headerCase.ts": "4440a251a196fb6d7090213c39e4c6c50ddecab90c14ec91495bee3563082d3c",
    "https://deno.land/x/case@v2.1.0/lowerCase.ts": "86d5533f9587ed60003181591e40e648838c23f371edfa79d00288153d113b16",
    "https://deno.land/x/case@v2.1.0/lowerFirstCase.ts": "74e8ebe10f3c54a9d8e81d21127a20fcfb34c446e9c49b2a335162babd652de9",
    "https://deno.land/x/case@v2.1.0/mod.ts": "28b0b1329c7b18730799ac05627a433d9547c04b9bfb429116247c60edecd97b",
    "https://deno.land/x/case@v2.1.0/normalCase.ts": "6a8b924da9ab0790d99233ae54bfcfc996d229cb91b2533639fe20972cc33dac",
    "https://deno.land/x/case@v2.1.0/paramCase.ts": "cf3101c59fd4f16ee14fd09985adb7fa3dbfb194f102499986f7407995202394",
    "https://deno.land/x/case@v2.1.0/pascalCase.ts": "f68936d584182c8f4b341238bd9c424b1a740bfba3ab2847234f57a4c205f1df",
    "https://deno.land/x/case@v2.1.0/pathCase.ts": "76e5f437369f8981e17ecdb07870e1c9c8d2d0357f1bf3377e2b0eb132159ed8",
    "https://deno.land/x/case@v2.1.0/sentenceCase.ts": "f3355985a6a41e088c8c9be80219e5e055a68ad9a987df084a57ee437a0871c5",
    "https://deno.land/x/case@v2.1.0/snakeCase.ts": "ee2ab4e2c931d30bb79190d090c21eb5c00d1de1b7a9a3e7f33e035ae431333b",
    "https://deno.land/x/case@v2.1.0/swapCase.ts": "d9b5ee5b8e1ee3d202cbce32a504dde976b9002ed94b4527054a004179905dbb",
    "https://deno.land/x/case@v2.1.0/titleCase.ts": "36d3fc73df58712240a74b04d84191ac22dd2866bef3838b02157f8e46cb0ecb",
    "https://deno.land/x/case@v2.1.0/types.ts": "8e2bd6edaa27c0d1972c0d5b76698564740f37b4d3787d58d1fb5f48de611e61",
    "https://deno.land/x/case@v2.1.0/upperCase.ts": "e6a1a3dea30e17013aa212ec237b35e2dd5c5c0b1501778c07db66ff0bbe4372",
    "https://deno.land/x/case@v2.1.0/upperFirstCase.ts": "2b083db95744105a4f4accefe66dcd09390634514abf757fc580a7ebad58bf4f",
    "https://deno.land/x/case@v2.1.0/vendor/camelCaseRegexp.ts": "7d9ff02aad4ab6429eeab7c7353f7bcdd6cc5909a8bd3dda97918c8bbb7621ae",
    "https://deno.land/x/case@v2.1.0/vendor/camelCaseUpperRegexp.ts": "292de54a698370f90adcdf95727993d09888b7f33d17f72f8e54ba75f7791787",
    "https://deno.land/x/case@v2.1.0/vendor/nonWordRegexp.ts": "c1a052629a694144b48c66b0175a22a83f4d61cb40f4e45293fc5d6b123f927e",
    "https://deno.land/x/cliffy@v0.25.7/_utils/distance.ts": "02af166952c7c358ac83beae397aa2fbca4ad630aecfcd38d92edb1ea429f004",
    "https://deno.land/x/cliffy@v0.25.7/command/_errors.ts": "a9bd23dc816b32ec96c9b8f3057218241778d8c40333b43341138191450965e5",
    "https://deno.land/x/cliffy@v0.25.7/command/_utils.ts": "9ab3d69fabab6c335b881b8a5229cbd5db0c68f630a1c307aff988b6396d9baf",
    "https://deno.land/x/cliffy@v0.25.7/command/command.ts": "a2b83c612acd65c69116f70dec872f6da383699b83874b70fcf38cddf790443f",
    "https://deno.land/x/cliffy@v0.25.7/command/completions/_bash_completions_generator.ts": "43b4abb543d4dc60233620d51e69d82d3b7c44e274e723681e0dce2a124f69f9",
    "https://deno.land/x/cliffy@v0.25.7/command/completions/_fish_completions_generator.ts": "d0289985f5cf0bd288c05273bfa286b24c27feb40822eb7fd9d7fee64e6580e8",
    "https://deno.land/x/cliffy@v0.25.7/command/completions/_zsh_completions_generator.ts": "14461eb274954fea4953ee75938821f721da7da607dc49bcc7db1e3f33a207bd",
    "https://deno.land/x/cliffy@v0.25.7/command/completions/bash.ts": "053aa2006ec327ccecacb00ba28e5eb836300e5c1bec1b3cfaee9ddcf8189756",
    "https://deno.land/x/cliffy@v0.25.7/command/completions/complete.ts": "58df61caa5e6220ff2768636a69337923ad9d4b8c1932aeb27165081c4d07d8b",
    "https://deno.land/x/cliffy@v0.25.7/command/completions/fish.ts": "9938beaa6458c6cf9e2eeda46a09e8cd362d4f8c6c9efe87d3cd8ca7477402a5",
    "https://deno.land/x/cliffy@v0.25.7/command/completions/mod.ts": "aeef7ec8e319bb157c39a4bab8030c9fe8fa327b4c1e94c9c1025077b45b40c0",
    "https://deno.land/x/cliffy@v0.25.7/command/completions/zsh.ts": "8b04ab244a0b582f7927d405e17b38602428eeb347a9968a657e7ea9f40e721a",
    "https://deno.land/x/cliffy@v0.25.7/command/deprecated.ts": "bbe6670f1d645b773d04b725b8b8e7814c862c9f1afba460c4d599ffe9d4983c",
    "https://deno.land/x/cliffy@v0.25.7/command/deps.ts": "275b964ce173770bae65f6b8ebe9d2fd557dc10292cdd1ed3db1735f0d77fa1d",
    "https://deno.land/x/cliffy@v0.25.7/command/help/_help_generator.ts": "f7c349cb2ddb737e70dc1f89bcb1943ca9017a53506be0d4138e0aadb9970a49",
    "https://deno.land/x/cliffy@v0.25.7/command/help/mod.ts": "09d74d3eb42d21285407cda688074c29595d9c927b69aedf9d05ff3f215820d3",
    "https://deno.land/x/cliffy@v0.25.7/command/mod.ts": "d0a32df6b14028e43bb2d41fa87d24bc00f9662a44e5a177b3db02f93e473209",
    "https://deno.land/x/cliffy@v0.25.7/command/type.ts": "24e88e3085e1574662b856ccce70d589959648817135d4469fab67b9cce1b364",
    "https://deno.land/x/cliffy@v0.25.7/command/types.ts": "ae02eec0ed7a769f7dba2dd5d3a931a61724b3021271b1b565cf189d9adfd4a0",
    "https://deno.land/x/cliffy@v0.25.7/command/types/action_list.ts": "33c98d449617c7a563a535c9ceb3741bde9f6363353fd492f90a74570c611c27",
    "https://deno.land/x/cliffy@v0.25.7/command/types/boolean.ts": "3879ec16092b4b5b1a0acb8675f8c9250c0b8a972e1e4c7adfba8335bd2263ed",
    "https://deno.land/x/cliffy@v0.25.7/command/types/child_command.ts": "f1fca390c7fbfa7a713ca15ef55c2c7656bcbb394d50e8ef54085bdf6dc22559",
    "https://deno.land/x/cliffy@v0.25.7/command/types/command.ts": "325d0382e383b725fd8d0ef34ebaeae082c5b76a1f6f2e843fee5dbb1a4fe3ac",
    "https://deno.land/x/cliffy@v0.25.7/command/types/enum.ts": "2178345972adf7129a47e5f02856ca3e6852a91442a1c78307dffb8a6a3c6c9f",
    "https://deno.land/x/cliffy@v0.25.7/command/types/file.ts": "8618f16ac9015c8589cbd946b3de1988cc4899b90ea251f3325c93c46745140e",
    "https://deno.land/x/cliffy@v0.25.7/command/types/integer.ts": "29864725fd48738579d18123d7ee78fed37515e6dc62146c7544c98a82f1778d",
    "https://deno.land/x/cliffy@v0.25.7/command/types/number.ts": "aeba96e6f470309317a16b308c82e0e4138a830ec79c9877e4622c682012bc1f",
    "https://deno.land/x/cliffy@v0.25.7/command/types/string.ts": "e4dadb08a11795474871c7967beab954593813bb53d9f69ea5f9b734e43dc0e0",
    "https://deno.land/x/cliffy@v0.25.7/command/upgrade/mod.ts": "17e2df3b620905583256684415e6c4a31e8de5c59066eb6d6c9c133919292dc4",
    "https://deno.land/x/cliffy@v0.25.7/command/upgrade/provider.ts": "d6fb846043232cbd23c57d257100c7fc92274984d75a5fead0f3e4266dc76ab8",
    "https://deno.land/x/cliffy@v0.25.7/command/upgrade/provider/deno_land.ts": "24f8d82e38c51e09be989f30f8ad21f9dd41ac1bb1973b443a13883e8ba06d6d",
    "https://deno.land/x/cliffy@v0.25.7/command/upgrade/provider/github.ts": "99e1b133dd446c6aa79f69e69c46eb8bc1c968dd331c2a7d4064514a317c7b59",
    "https://deno.land/x/cliffy@v0.25.7/command/upgrade/provider/nest_land.ts": "0e07936cea04fa41ac9297f32d87f39152ea873970c54cb5b4934b12fee1885e",
    "https://deno.land/x/cliffy@v0.25.7/command/upgrade/upgrade_command.ts": "3640a287d914190241ea1e636774b1b4b0e1828fa75119971dd5304784061e05",
    "https://deno.land/x/cliffy@v0.25.7/flags/_errors.ts": "f1fbb6bfa009e7950508c9d491cfb4a5551027d9f453389606adb3f2327d048f",
    "https://deno.land/x/cliffy@v0.25.7/flags/_utils.ts": "340d3ecab43cde9489187e1f176504d2c58485df6652d1cdd907c0e9c3ce4cc2",
    "https://deno.land/x/cliffy@v0.25.7/flags/_validate_flags.ts": "16eb5837986c6f6f7620817820161a78d66ce92d690e3697068726bbef067452",
    "https://deno.land/x/cliffy@v0.25.7/flags/deprecated.ts": "a72a35de3cc7314e5ebea605ca23d08385b218ef171c32a3f135fb4318b08126",
    "https://deno.land/x/cliffy@v0.25.7/flags/flags.ts": "68a9dfcacc4983a84c07ba19b66e5e9fccd04389fad215210c60fb414cc62576",
    "https://deno.land/x/cliffy@v0.25.7/flags/types.ts": "7452ea5296758fb7af89930349ce40d8eb9a43b24b3f5759283e1cb5113075fd",
    "https://deno.land/x/cliffy@v0.25.7/flags/types/boolean.ts": "4c026dd66ec9c5436860dc6d0241427bdb8d8e07337ad71b33c08193428a2236",
    "https://deno.land/x/cliffy@v0.25.7/flags/types/integer.ts": "b60d4d590f309ddddf066782d43e4dc3799f0e7d08e5ede7dc62a5ee94b9a6d9",
    "https://deno.land/x/cliffy@v0.25.7/flags/types/number.ts": "610936e2d29de7c8c304b65489a75ebae17b005c6122c24e791fbed12444d51e",
    "https://deno.land/x/cliffy@v0.25.7/flags/types/string.ts": "e89b6a5ce322f65a894edecdc48b44956ec246a1d881f03e97bbda90dd8638c5",
    "https://deno.land/x/cliffy@v0.25.7/table/border.ts": "2514abae4e4f51eda60a5f8c927ba24efd464a590027e900926b38f68e01253c",
    "https://deno.land/x/cliffy@v0.25.7/table/cell.ts": "1d787d8006ac8302020d18ec39f8d7f1113612c20801b973e3839de9c3f8b7b3",
    "https://deno.land/x/cliffy@v0.25.7/table/deps.ts": "5b05fa56c1a5e2af34f2103fd199e5f87f0507549963019563eae519271819d2",
    "https://deno.land/x/cliffy@v0.25.7/table/layout.ts": "46bf10ae5430cf4fbb92f23d588230e9c6336edbdb154e5c9581290562b169f4",
    "https://deno.land/x/cliffy@v0.25.7/table/row.ts": "5f519ba7488d2ef76cbbf50527f10f7957bfd668ce5b9169abbc44ec88302645",
    "https://deno.land/x/cliffy@v0.25.7/table/table.ts": "ec204c9d08bb3ff1939c5ac7412a4c9ed7d00925d4fc92aff9bfe07bd269258d",
    "https://deno.land/x/cliffy@v0.25.7/table/utils.ts": "187bb7dcbcfb16199a5d906113f584740901dfca1007400cba0df7dcd341bc29",
    "https://deno.land/x/deno_slack_api@2.1.0/api-proxy.ts": "20cf2ec33071e0b7a319a3fb9c8f8440a891f71bc780097e9000f66bbeaa7ab5",
    "https://deno.land/x/deno_slack_api@2.1.0/base-client.ts": "1b2a785b7a17696138840007d7346454934e50c13fdf5a2f8f510c2429693901",
    "https://deno.land/x/deno_slack_api@2.1.0/deps.ts": "08464f9559b222b04aa0ee26790567941e2c4f7b3a80478b903524cb5beeda6f",
    "https://deno.land/x/deno_slack_api@2.1.0/generated/method-types/admin.ts": "3564a56c3b24ca9e983e6c9e23e27916f975387ad29c820ac5264861b035fa37",
    "https://deno.land/x/deno_slack_api@2.1.0/generated/method-types/api.ts": "b6e55651d5361c8014456ce7298577e24cc7f0e5b5778db7aa39b4bc52f6be6e",
    "https://deno.land/x/deno_slack_api@2.1.0/generated/method-types/apps.ts": "71a560384acc883de891499dd915209ed8fd99326649f649884c53c5f3fa7d8b",
    "https://deno.land/x/deno_slack_api@2.1.0/generated/method-types/auth.ts": "cdea87a7830ba10e0a764b9109e478ab6165d23a5ca74a865d7b4977c2e1b9a9",
    "https://deno.land/x/deno_slack_api@2.1.0/generated/method-types/bookmarks.ts": "1aad44f0727a7eaa0280ab6a27a663a8a70c978ba634ac00bff762f081cd81bc",
    "https://deno.land/x/deno_slack_api@2.1.0/generated/method-types/bots.ts": "0e2699db5370df05cae2346ea007f608935125bc4a606862362b5f058f6bab48",
    "https://deno.land/x/deno_slack_api@2.1.0/generated/method-types/calls.ts": "3eb2999441efe068abd5e68442d314db26258c5279b2ce678cc2b59187679417",
    "https://deno.land/x/deno_slack_api@2.1.0/generated/method-types/chat.ts": "696f7cb7cc3973a18778a0145e6682a6b93f9671d6f471dafe12dce7574d123d",
    "https://deno.land/x/deno_slack_api@2.1.0/generated/method-types/conversations.ts": "04a058fd888e6eab360601c4878b49c32d626839bea791f9647d04558025b5e6",
    "https://deno.land/x/deno_slack_api@2.1.0/generated/method-types/dialog.ts": "875b2b8d127917a66b6e724d1de748657f18740c144e9a86c9a6ccbb555fe6cf",
    "https://deno.land/x/deno_slack_api@2.1.0/generated/method-types/dnd.ts": "745eb9579e9411bd293becd9afbc2e9081023e11326630b958eefecb3205ccc3",
    "https://deno.land/x/deno_slack_api@2.1.0/generated/method-types/emoji.ts": "564f752d28daac5843be7a43476a3c5aae23ce638532fe2522ab4159e3d7ab3a",
    "https://deno.land/x/deno_slack_api@2.1.0/generated/method-types/enterprise.ts": "5fa4016840d30c72e0f2581878f6a950f4cac006f82c956d12ed9898b61dabd0",
    "https://deno.land/x/deno_slack_api@2.1.0/generated/method-types/files.ts": "ee55b623452d87f370c2149bdcc903880115858a67786fc7ea55a2fe3a04c817",
    "https://deno.land/x/deno_slack_api@2.1.0/generated/method-types/migration.ts": "330a286b193af03481051f7404e6c6bdc5a9878208440219914cd648f27b7ab8",
    "https://deno.land/x/deno_slack_api@2.1.0/generated/method-types/mod.ts": "b056fe92ae54fc5dbd8a56e3eabb915d0a0f118a15058ce53a6cb2cf6f7652d6",
    "https://deno.land/x/deno_slack_api@2.1.0/generated/method-types/oauth.ts": "a46048f7e2776798ecb57ab7b5d56c254b211030cb11a79d2354a90f3687473f",
    "https://deno.land/x/deno_slack_api@2.1.0/generated/method-types/openid.ts": "4fa53dff20dd1ab9fa824829ad6319c1432aef8fcdd87279bc75d44a5132f4d3",
    "https://deno.land/x/deno_slack_api@2.1.0/generated/method-types/pins.ts": "f5aaa7c8228fcd7d75d947c3b71c95c7c92eba473fd82ed457a42d30a2e7b93b",
    "https://deno.land/x/deno_slack_api@2.1.0/generated/method-types/reactions.ts": "4440795f4b6a05729bcccbdf409c885969e944104c3d5f92de03f4d2283c1aac",
    "https://deno.land/x/deno_slack_api@2.1.0/generated/method-types/reminders.ts": "b563c146e274fe13057033048efb13a1886b6e61a0bf44fb159a42fc7ff77fe1",
    "https://deno.land/x/deno_slack_api@2.1.0/generated/method-types/rtm.ts": "9235c6a110e1f05b136b8dbc0d4de5e122ebc45420d8a2c586462b84b26886b9",
    "https://deno.land/x/deno_slack_api@2.1.0/generated/method-types/search.ts": "f5a7544ec45c1676acc77407616b2d8d8d3e1a511a3e4ffda93555f0c9ae5893",
    "https://deno.land/x/deno_slack_api@2.1.0/generated/method-types/stars.ts": "c91f4154e907ea92fffd0e4834d1c9b0a919d23e89d6fe90d9f69b3f226b4b9f",
    "https://deno.land/x/deno_slack_api@2.1.0/generated/method-types/team.ts": "c81f51688d1ddbf02686232cdf84b53f46551875544924dcbced60531ac6b035",
    "https://deno.land/x/deno_slack_api@2.1.0/generated/method-types/tooling.ts": "ec30c6fd91d05afb915d5851dae4bb4a742db1d40ed5fcc71a400d6deb2264b6",
    "https://deno.land/x/deno_slack_api@2.1.0/generated/method-types/usergroups.ts": "56e1c2827230443d27ee585d5c5629dd7024730c399969d0b70fa3bd8d64c1c6",
    "https://deno.land/x/deno_slack_api@2.1.0/generated/method-types/users.ts": "a1914f5e1a75363b645ee576168276aac79e59c6938bb5494ddd097bb83947a2",
    "https://deno.land/x/deno_slack_api@2.1.0/generated/method-types/views.ts": "12ed9848a217b3ca83dd1378414c62a305711c7937635aed2bcc8af8838bcd75",
    "https://deno.land/x/deno_slack_api@2.1.0/generated/method-types/workflows.ts": "92a3a8f8bc6a7c121d4a7435eadc02e42a5d8a308709fdfddc5ae3c4fe373045",
    "https://deno.land/x/deno_slack_api@2.1.0/mod.ts": "89bd1fa9b06014571653140fc2fb77789f3c52e6548960909bbe95887300cba2",
    "https://deno.land/x/deno_slack_api@2.1.0/type-helpers.ts": "0b60b05f32096c8e1df045864cdca7bdb58acc68716076cf218dfe09a2677066",
    "https://deno.land/x/deno_slack_api@2.1.0/typed-method-types/apps.ts": "a122fca18dd6f100480c37dcc749f74dd9ffbe510613c314d4bca01360cf3a14",
    "https://deno.land/x/deno_slack_api@2.1.0/typed-method-types/chat.ts": "102ffc03b2119afd94a3b181c37e29a39a707c39cb953bdfa784bd854bdfbe52",
    "https://deno.land/x/deno_slack_api@2.1.0/typed-method-types/functions.ts": "ef359a596a548546b8d3be25ef6bedec65ecb53f35ffaf2c6d04c031b12c7ac5",
    "https://deno.land/x/deno_slack_api@2.1.0/typed-method-types/mod.ts": "0be3dd3832e49ea2e87bbc350d156d508fa6ebbcad8cd7f8d2279bebcfa751de",
    "https://deno.land/x/deno_slack_api@2.1.0/typed-method-types/workflows/mod.ts": "be33a1bd8a4df3bf58ca404d2ed7ed2df95abd989b14c14782861c37f8200925",
    "https://deno.land/x/deno_slack_api@2.1.0/typed-method-types/workflows/triggers/base_response.ts": "f1a77f2c163dcbb3ac2414acddc72be6dfa24d5f1e3623423752ad45a8c97572",
    "https://deno.land/x/deno_slack_api@2.1.0/typed-method-types/workflows/triggers/event-data/app_mentioned.ts": "3d2be5fef0cfc65cbe0ea4f1b858fab0b08fb7d5a88794d4eed65c4a51b14e70",
    "https://deno.land/x/deno_slack_api@2.1.0/typed-method-types/workflows/triggers/event-data/channel_archived.ts": "85dd0437c73cfa0efc31c3c54fa1d0075fdaadeedaa0201764f8ead486a360ca",
    "https://deno.land/x/deno_slack_api@2.1.0/typed-method-types/workflows/triggers/event-data/channel_created.ts": "65f0a1663b92b6d17a0d48500af099b629f68774c90845f977946d3c4f0de390",
    "https://deno.land/x/deno_slack_api@2.1.0/typed-method-types/workflows/triggers/event-data/channel_deleted.ts": "5b34f2abd50475320f7067047e765079eaad41e8094788a8ceda6b0500068d70",
    "https://deno.land/x/deno_slack_api@2.1.0/typed-method-types/workflows/triggers/event-data/channel_renamed.ts": "91fcadaa21d769d036aa18f1942dadfe5571dea8f15f487979be76f02a9854ff",
    "https://deno.land/x/deno_slack_api@2.1.0/typed-method-types/workflows/triggers/event-data/channel_shared.ts": "d3b73a08eefb8761662b3c1519c3d7bd9a73b0f1ebf081b47cda2bda3db043e7",
    "https://deno.land/x/deno_slack_api@2.1.0/typed-method-types/workflows/triggers/event-data/channel_unarchived.ts": "2875492e199e88407cbedf3817df817d0fcf4511f2a837dbdced49766ce04da0",
    "https://deno.land/x/deno_slack_api@2.1.0/typed-method-types/workflows/triggers/event-data/channel_unshared.ts": "77c96f10ac753d8f444856486642a59bf010dcc19b79baf9dfa927b88ce45b06",
    "https://deno.land/x/deno_slack_api@2.1.0/typed-method-types/workflows/triggers/event-data/common-objects/shared_channel_invite.ts": "6d9f6cf86f16daf6d17fb3441bccc8c3988f3e62d27d9aac9fec35f3e5be223e",
    "https://deno.land/x/deno_slack_api@2.1.0/typed-method-types/workflows/triggers/event-data/dnd_updated.ts": "6607a1073789572f202c8f35673b8c2cfe8eebea015a367bde8a404b959be11b",
    "https://deno.land/x/deno_slack_api@2.1.0/typed-method-types/workflows/triggers/event-data/emoji_changed.ts": "20021a60ddc24fa0e9baac0ecd86d80c26069cbf805451bd3e6fd6982a65823c",
    "https://deno.land/x/deno_slack_api@2.1.0/typed-method-types/workflows/triggers/event-data/message_metadata_posted.ts": "fd6c2c81252e1ecff28c28820b65fbe5eff6ab4adba795ca559bde9a0cc7d8d2",
    "https://deno.land/x/deno_slack_api@2.1.0/typed-method-types/workflows/triggers/event-data/message_posted.ts": "c8b136961f89b60b049f5843586669828d53eccbf08b0fd75b958e4100e0e1bf",
    "https://deno.land/x/deno_slack_api@2.1.0/typed-method-types/workflows/triggers/event-data/mod.ts": "b9d639c048e76b7fca4ec952e9f660f3ea3fbff32ae03611c56a0297a01dce20",
    "https://deno.land/x/deno_slack_api@2.1.0/typed-method-types/workflows/triggers/event-data/pin_added.ts": "16502aca5930e6ebff979821b4c3ba413a2da2e711ee8f215106480d620b2dfb",
    "https://deno.land/x/deno_slack_api@2.1.0/typed-method-types/workflows/triggers/event-data/pin_removed.ts": "98bb6481b1867f9715336a805bef20e6147fb9432c3d4d81768213d40893e634",
    "https://deno.land/x/deno_slack_api@2.1.0/typed-method-types/workflows/triggers/event-data/reaction_added.ts": "14ce1aa89ff46ff81a319c2d073c80b0d625d65d7a73be490f2bf59839e8b2bd",
    "https://deno.land/x/deno_slack_api@2.1.0/typed-method-types/workflows/triggers/event-data/reaction_removed.ts": "41dd4d3332552189882a781bd80df221c8f3043299c41b2a9f8503476f41d877",
    "https://deno.land/x/deno_slack_api@2.1.0/typed-method-types/workflows/triggers/event-data/shared_channel_invite_accepted.ts": "04bb41a6676cdba2afde3e4fd2f82d87e01ae52fed2c9754c15b87851ce8d47a",
    "https://deno.land/x/deno_slack_api@2.1.0/typed-method-types/workflows/triggers/event-data/shared_channel_invite_approved.ts": "205215d4517bef91fc62d12e8fcf86bd8a5a04775fb5a1d28d09149e6d952afa",
    "https://deno.land/x/deno_slack_api@2.1.0/typed-method-types/workflows/triggers/event-data/shared_channel_invite_declined.ts": "c2ae4b554e9ded29af3fc72f7152fab976df8f30115e04399ba5fa1f00bf80fb",
    "https://deno.land/x/deno_slack_api@2.1.0/typed-method-types/workflows/triggers/event-data/shared_channel_invite_received.ts": "97f9424c2fe9a24edb7045fe3a403683c5e614151f8cfcf2d15d416e55f4c6a0",
    "https://deno.land/x/deno_slack_api@2.1.0/typed-method-types/workflows/triggers/event-data/user_joined_channel.ts": "ce82ef7ab46bc402f354f73e68e9331eebac424ab2f114d012058ab595b3493d",
    "https://deno.land/x/deno_slack_api@2.1.0/typed-method-types/workflows/triggers/event-data/user_joined_team.ts": "eba24a5c678b844815e3fe823b750af8e79d1cda7afd6162e21037f9aaeaa588",
    "https://deno.land/x/deno_slack_api@2.1.0/typed-method-types/workflows/triggers/event-data/user_left_channel.ts": "df3ee3177d1b29939f47d0d5f81789fbd7289cef67ff1e261c5e493a36f284f2",
    "https://deno.land/x/deno_slack_api@2.1.0/typed-method-types/workflows/triggers/event.ts": "ebd55f95280a4011e28c3eeef12a14fee033d81b3c3c2c405f361458b0441490",
    "https://deno.land/x/deno_slack_api@2.1.0/typed-method-types/workflows/triggers/inputs.ts": "0262a55ed2b2f6ca6f496cc2cac6aab8b108e7e0d7ad41d7db7ebb7c33b16f4a",
    "https://deno.land/x/deno_slack_api@2.1.0/typed-method-types/workflows/triggers/mod.ts": "551e19f79f31c3dd6f53a158e56600be9c5a94757e3fb20b772ed6665da9ad65",
    "https://deno.land/x/deno_slack_api@2.1.0/typed-method-types/workflows/triggers/scheduled-data.ts": "6f5a52e751f0f088a27e18be1b708596cb2a3cf9067bbf64c8e4e18daac7af54",
    "https://deno.land/x/deno_slack_api@2.1.0/typed-method-types/workflows/triggers/scheduled.ts": "bad94b33dfec0c6b0527a70b9ca1ecb804380460d294a61b016cc0750580506f",
    "https://deno.land/x/deno_slack_api@2.1.0/typed-method-types/workflows/triggers/shortcut-data.ts": "e2ca9bb495b439a7250f46f4bafb25217e112de71ab9eb937fff5b866f32ab7b",
    "https://deno.land/x/deno_slack_api@2.1.0/typed-method-types/workflows/triggers/shortcut.ts": "062a7bc4806b24a673c10ee55310f41275511871e077a8019633c9647cba0672",
    "https://deno.land/x/deno_slack_api@2.1.0/typed-method-types/workflows/triggers/trigger-event-types.ts": "e2c315e208d8b8d076282ed292b213a1d555e99217000f0988ce8225e98c5296",
    "https://deno.land/x/deno_slack_api@2.1.0/typed-method-types/workflows/triggers/trigger-filter.ts": "db0583587e893b9dd4e30e1e413c5b177ac032c9053510bcdbd3d099b23130b6",
    "https://deno.land/x/deno_slack_api@2.1.0/typed-method-types/workflows/triggers/webhook.ts": "88463d97d23cefbb665fc67f7e6c86497654d59cda6bdba9749d16fdac5c5427",
    "https://deno.land/x/deno_slack_api@2.1.0/types.ts": "092319fbe26d5e26b7289c3a3efcbf8c5be7f3e69727a0ee09808503f0719026",
    "https://deno.land/x/imagescript@1.2.15/ImageScript.js": "9ce10c37a0e4fe43699689088c24f386fd401874057932bd57079ac729205038",
    "https://deno.land/x/imagescript@1.2.15/mod.ts": "18a6cb83c55e690c873505f6fe867364c678afb64934fe7aef593a6b92f79995",
    "https://deno.land/x/imagescript@1.2.15/png/src/crc.mjs": "5cf50de181d61dd00e66a240d811018ba5070afa8bba302f393604404604de84",
    "https://deno.land/x/imagescript@1.2.15/png/src/mem.mjs": "4968d400dae069b4bf0ef4767c1802fd2cc7d15d90eda4cfadf5b4cd19b96c6d",
    "https://deno.land/x/imagescript@1.2.15/png/src/png.mjs": "96ef0ceff1b5a6cd9304749e5f187b4ab238509fb5f9a8be8ee934240271ed8d",
    "https://deno.land/x/imagescript@1.2.15/png/src/zlib.mjs": "9867dc3fab1d31b664f9344b0d7e977f493d9c912a76c760d012ed2b89f7061c",
    "https://deno.land/x/imagescript@1.2.15/utils/buffer.js": "952cb1beb8827e50a493a5d1f29a4845e8c648789406d389dd51f51205ba02d8",
    "https://deno.land/x/imagescript@1.2.15/utils/crc32.js": "573d6222b3605890714ebc374e687ec2aa3e9a949223ea199483e47ca4864f7d",
    "https://deno.land/x/imagescript@1.2.15/utils/png.js": "fbed9117e0a70602645d70df9c103ff6e79c03e987bd5c1685dcb4200729b6de",
    "https://deno.land/x/imagescript@1.2.15/utils/wasm/font.js": "9e75d842608c057045698d6a7cdf5ffd27241b5cdea0391c89a1917b31294524",
    "https://deno.land/x/imagescript@1.2.15/utils/wasm/gif.js": "8b86f7b96486bb8ff50fbc7c7487f86cb5cef85e6acd71e1def78a1aa2f12e4f",
    "https://deno.land/x/imagescript@1.2.15/utils/wasm/jpeg.js": "75295e2fcf96b4f7bb894b3844fdaa8140d63169d28b466b5d5be89d59a7b6e6",
    "https://deno.land/x/imagescript@1.2.15/utils/wasm/png.js": "0659536a8dd8f892c8346e268b2754b4414fad0ec1e9794dfcde1ba1c804ee02",
    "https://deno.land/x/imagescript@1.2.15/utils/wasm/svg.js": "f5c8a9d1977b51a7c07549ceb6bbbaca9497321a193f28b3dc229a42d91bcf14",
    "https://deno.land/x/imagescript@1.2.15/utils/wasm/tiff.js": "c2d7bdaef094df25aae1752e75167f485e89275d76a1379e39d8949580b7af4f",
    "https://deno.land/x/imagescript@1.2.15/utils/wasm/zlib.js": "749875f83abffe24d3b977475a0cbd5f9b52bee1fbdbef61ec183cbfc17805f6",
    "https://deno.land/x/imagescript@1.2.15/v2/framebuffer.mjs": "add44ff184636659714b3c6d4b896f628545451abffbc30b5bcc2e8d9a73d012",
    "https://deno.land/x/imagescript@1.2.15/v2/ops/blur.mjs": "80716f1ffab8a2aeb54a036f583bf51a2b9dd37e005adc000add803df8e8a12f",
    "https://deno.land/x/imagescript@1.2.15/v2/ops/color.mjs": "5e72cdcbf97dc939a2795223f01e3cb0544c0c56b03ea2aa026050df58348814",
    "https://deno.land/x/imagescript@1.2.15/v2/ops/crop.mjs": "69431fa6f687fd9f0c31eff0ec27d7ac925275005e53a37f0c3fab4cc4d9a9ea",
    "https://deno.land/x/imagescript@1.2.15/v2/ops/fill.mjs": "cf1b9488314753fbc9ebf03410ac74c2a34ea5a69fb6892cd6e8366cd1930d93",
    "https://deno.land/x/imagescript@1.2.15/v2/ops/flip.mjs": "825a34a66567dcf15e76a719f1bf2f66fb106503cd69942292b1b0ae05c5718e",
    "https://deno.land/x/imagescript@1.2.15/v2/ops/index.mjs": "423ba687119be2bba8cec72890577d3afa3621b6b8108912242fe937a183f2aa",
    "https://deno.land/x/imagescript@1.2.15/v2/ops/iterator.mjs": "c2adf3d90ce00719a02c48c97634574176a3501ff026676259bd71aa8f5d69b9",
    "https://deno.land/x/imagescript@1.2.15/v2/ops/overlay.mjs": "7e6e2c2ffd25006d52597ab8babc5f8f503d388a3fdf2fbc0eaea02799a020c9",
    "https://deno.land/x/imagescript@1.2.15/v2/ops/resize.mjs": "814e78ebce8eaf8f1f918688db7b52a141405e06a36ed4b25d04413d69e7d17b",
    "https://deno.land/x/imagescript@1.2.15/v2/ops/rotate.mjs": "a1b65616717bd2eed8db406affea3263b4674dada46b56441ef38167a187455d",
    "https://deno.land/x/imagescript@1.2.15/v2/util/mem.mjs": "4968d400dae069b4bf0ef4767c1802fd2cc7d15d90eda4cfadf5b4cd19b96c6d",
    "https://deno.land/x/velo@1.0.0/deps.ts": "d310d4071480a8ca89fae329cb04b8d54908737add4b421f13d543ed5fce638b",
    "https://deno.land/x/velo@1.0.0/mod.ts": "aefca34991e1167b1087bd05a3448d8e47b6cc690711d65d563fa68fce44346c",
    "https://deno.land/x/velo@1.0.0/src/builder/builder.ts": "9051eddda197d9a7b66a1aa9b2be7ac2d4be477e6d276af355d85cb1deea8c63",
    "https://deno.land/x/velo@1.0.0/src/cache/base.ts": "902c0267561eebf1dc402ad28fbd32b4ad418f169a986e8669325ad1853bcf5b",
    "https://deno.land/x/velo@1.0.0/src/cache/cache.ts": "ec247cc655969f664b217a9029d2faa5ac9b6eac8b6f12fef9b03758d22f9164",
    "https://deno.land/x/velo@1.0.0/src/cache/capabilities/counter.ts": "fca1159625a241afd7e8fda891cc43151247b24fe49841418c5be0d02e33bbd0",
    "https://deno.land/x/velo@1.0.0/src/cache/capabilities/event_capability.ts": "d272756535a2c5939f3e2401d94d08ef3b5fe9b48e5f40627bb4bcdac07da1bd",
    "https://deno.land/x/velo@1.0.0/src/cache/capabilities/expire_capability.ts": "08ea97a6e0c93d40b751c9d9e8cd59272f6154028ad721d2461d979f76be9157",
    "https://deno.land/x/velo@1.0.0/src/cache/capabilities/extract_options_capability.ts": "0fc9e0bebc4c686d1f9ba3090c753f42996b7675610343ade1749ed7ff91f0a4",
    "https://deno.land/x/velo@1.0.0/src/cache/capabilities/loading_capability.ts": "9fe5446dad8dbb501c6f594637c719e6f92c66c2eee453e92f68124d4329c336",
    "https://deno.land/x/velo@1.0.0/src/cache/capabilities/policy_capability.ts": "5c67dc45cf503edaf25a5c659240683fc0e674a3962afc41d9da9ff851b431c2",
    "https://deno.land/x/velo@1.0.0/src/cache/capabilities/remove_listener_capability.ts": "202b1438b4939d6d34519b9239def4d7214ef78097f2d3afc796615e7eaba464",
    "https://deno.land/x/velo@1.0.0/src/cache/capabilities/stats_capability.ts": "6749ce5f6ccad170eadf7eae79602a381f17f7b264ac1087a2a1de1e1e043091",
    "https://deno.land/x/velo@1.0.0/src/cache/capabilities/timer_wheel.ts": "73d2b86c72db07e2871325372ea4833032d118d737e30f249f1f2a17de4c6a41",
    "https://deno.land/x/velo@1.0.0/src/cache/capabilities/wrapper.ts": "e2bd9c926d8c0b28cdc88377cd5c933350b3700b9c18d439c413c4c6178c9c57",
    "https://deno.land/x/velo@1.0.0/src/cache/key.ts": "1086ca40bf1085d3cd5a2682f43dbe07d8e0bbf20a38689849b420a47e01cb6c",
    "https://deno.land/x/velo@1.0.0/src/cache/options.ts": "1995b0ab57c1a32f85198015e5bc18d625262c0615a9bb153af25b7f0d5358c6",
    "https://deno.land/x/velo@1.0.0/src/policy/arc.ts": "a4bc08959bec9c8b0c756705adda79dce90436c8c8ec652e5c2660626d4aa631",
    "https://deno.land/x/velo@1.0.0/src/policy/lfu.ts": "52931153b8a1d17ba1c88c66b598d7b03296ea39582e3bef10671443dda4672c",
    "https://deno.land/x/velo@1.0.0/src/policy/lru.ts": "3071ce0cc0bf5618e5292bce829f69a7cbe60cf84a92c5e95daaf82917ce9007",
    "https://deno.land/x/velo@1.0.0/src/policy/policy.ts": "c1d6e411c565c3189c64a9783b63ed943704c383c20d77d3fdf7775b0619b241",
    "https://deno.land/x/velo@1.0.0/src/policy/sc.ts": "5bafd330ec54218acaeda644b006802eaf7b612d8190a3d913ded00251c728a9",
    "https://deno.land/x/velo@1.0.0/src/policy/tiny_lfu/frequency_sketch.ts": "304eff39e9ecccaf5e7cade3b6045bf424b260adb1191a083c2a98b950d6b6c0",
    "https://deno.land/x/velo@1.0.0/src/policy/tiny_lfu/hash_function.ts": "034587da2108066b00938ce09ca7889cbe333c86812e9a08e006461af650f90f",
    "https://deno.land/x/velo@1.0.0/src/policy/tiny_lfu/w_tiny_lfu.ts": "fe2c2a133691b6ce682c0484ef6bface050d70a4caa5f47b68650a141083283f",
    "https://deno.land/x/velo@1.0.0/src/utils/count_trailing_zeros.ts": "f35964a6931b3e79db655be0937e9a6a46e5253b8a083e5243d94ff07be50355",
    "https://deno.land/x/velo@1.0.0/src/utils/doubly_linked_list.ts": "15bb5ec4d4fd8d8d22a39702d3ce452d79b3125524db509c7e64ff2d11a9280b",
    "https://deno.land/x/velo@1.0.0/src/utils/next_power_of_two.ts": "7e1743181e93ea316a49513ddb101b3176dad52edcdc9b732086c318f5d9897b",
    "https://deno.land/x/velo@1.0.0/src/utils/pointer_list.ts": "b05b5e21306c7a1791c6bed775dcafc8abac50f0e57aff26d489bd9449537c37",
    "https://deno.land/x/velo@1.0.0/src/utils/typed_array.ts": "2340c503933762a7249bec9f839d945c445d216c38e17fb9599d9085025e65bb"
  }
}
